
Microsoft Visual Studio Solution File, Format Version 12.00
# Visual Studio Version 16
VisualStudioVersion = 16.0.29418.71
MinimumVisualStudioVersion = 10.0.40219.1
Project("{9A19103F-16F7-4668-BE54-9A1E7A4F7556}") = "PP.BangarRaju", "PP.BangarRaju.csproj", "{BDEC9C75-8672-4216-BA92-E322F4AE1FA0}"
EndProject
Global
	GlobalSection(SolutionConfigurationPlatforms) = preSolution
		Debug|Any CPU = Debug|Any CPU
		Release|Any CPU = Release|Any CPU
	EndGlobalSection
	GlobalSection(ProjectConfigurationPlatforms) = postSolution
		{BDEC9C75-8672-4216-BA92-E322F4AE1FA0}.Debug|Any CPU.ActiveCfg = Debug|Any CPU
		{BDEC9C75-8672-4216-BA92-E322F4AE1FA0}.Debug|Any CPU.Build.0 = Debug|Any CPU
		{BDEC9C75-8672-4216-BA92-E322F4AE1FA0}.Release|Any CPU.ActiveCfg = Release|Any CPU
		{BDEC9C75-8672-4216-BA92-E322F4AE1FA0}.Release|Any CPU.Build.0 = Release|Any CPU
	EndGlobalSection
	GlobalSection(SolutionProperties) = preSolution
		HideSolutionNode = FALSE
	EndGlobalSection
	GlobalSection(ExtensibilityGlobals) = postSolution
		SolutionGuid = {BA16ABA0-06F0-4B73-B797-039C9EE6E8B7}
	EndGlobalSection
EndGlobal
